
Microsoft Visual Studio Solution File, Format Version 12.00
# Visual Studio 2012
Project("{FAE04EC0-301F-11D3-BF4B-00C04F79EFBC}") = "chivalry", "chivalry\chivalry.csproj", "{D53BE20A-465A-4A3F-84B0-53EC3E980DC7}"
EndProject
Project("{FAE04EC0-301F-11D3-BF4B-00C04F79EFBC}") = "sample-app", "sample-app\sample-app.csproj", "{A75172BF-D897-45F7-BC40-48625F23EDE8}"
EndProject
Project("{FAE04EC0-301F-11D3-BF4B-00C04F79EFBC}") = "sample-app-grid", "sample-app-grid\sample-app-grid.csproj", "{D974644A-8A40-4748-94EE-A8C82B1DB052}"
EndProject
Project("{2150E333-8FDC-42A3-9474-1A3956D46DE8}") = "Solution Items", "Solution Items", "{B2708666-2421-4537-9DEC-6C94AA10E499}"
	ProjectSection(SolutionItems) = preProject
		.gitignore = .gitignore
	EndProjectSection
EndProject
Project("{FAE04EC0-301F-11D3-BF4B-00C04F79EFBC}") = "chivalry-tests", "chivalry-tests\chivalry-tests.csproj", "{0C7697FA-0108-486E-B574-29B8B66E7C22}"
EndProject
Global
	GlobalSection(SolutionConfigurationPlatforms) = preSolution
		Debug|Any CPU = Debug|Any CPU
		Debug|ARM = Debug|ARM
		Debug|x64 = Debug|x64
		Debug|x86 = Debug|x86
		Release|Any CPU = Release|Any CPU
		Release|ARM = Release|ARM
		Release|x64 = Release|x64
		Release|x86 = Release|x86
	EndGlobalSection
	GlobalSection(ProjectConfigurationPlatforms) = postSolution
		{D53BE20A-465A-4A3F-84B0-53EC3E980DC7}.Debug|Any CPU.ActiveCfg = Debug|Any CPU
		{D53BE20A-465A-4A3F-84B0-53EC3E980DC7}.Debug|Any CPU.Build.0 = Debug|Any CPU
		{D53BE20A-465A-4A3F-84B0-53EC3E980DC7}.Debug|Any CPU.Deploy.0 = Debug|Any CPU
		{D53BE20A-465A-4A3F-84B0-53EC3E980DC7}.Debug|ARM.ActiveCfg = Debug|ARM
		{D53BE20A-465A-4A3F-84B0-53EC3E980DC7}.Debug|ARM.Build.0 = Debug|ARM
		{D53BE20A-465A-4A3F-84B0-53EC3E980DC7}.Debug|ARM.Deploy.0 = Debug|ARM
		{D53BE20A-465A-4A3F-84B0-53EC3E980DC7}.Debug|x64.ActiveCfg = Debug|x64
		{D53BE20A-465A-4A3F-84B0-53EC3E980DC7}.Debug|x64.Build.0 = Debug|x64
		{D53BE20A-465A-4A3F-84B0-53EC3E980DC7}.Debug|x64.Deploy.0 = Debug|x64
		{D53BE20A-465A-4A3F-84B0-53EC3E980DC7}.Debug|x86.ActiveCfg = Debug|x86
		{D53BE20A-465A-4A3F-84B0-53EC3E980DC7}.Debug|x86.Build.0 = Debug|x86
		{D53BE20A-465A-4A3F-84B0-53EC3E980DC7}.Debug|x86.Deploy.0 = Debug|x86
		{D53BE20A-465A-4A3F-84B0-53EC3E980DC7}.Release|Any CPU.ActiveCfg = Release|Any CPU
		{D53BE20A-465A-4A3F-84B0-53EC3E980DC7}.Release|Any CPU.Build.0 = Release|Any CPU
		{D53BE20A-465A-4A3F-84B0-53EC3E980DC7}.Release|Any CPU.Deploy.0 = Release|Any CPU
		{D53BE20A-465A-4A3F-84B0-53EC3E980DC7}.Release|ARM.ActiveCfg = Release|ARM
		{D53BE20A-465A-4A3F-84B0-53EC3E980DC7}.Release|ARM.Build.0 = Release|ARM
		{D53BE20A-465A-4A3F-84B0-53EC3E980DC7}.Release|ARM.Deploy.0 = Release|ARM
		{D53BE20A-465A-4A3F-84B0-53EC3E980DC7}.Release|x64.ActiveCfg = Release|x64
		{D53BE20A-465A-4A3F-84B0-53EC3E980DC7}.Release|x64.Build.0 = Release|x64
		{D53BE20A-465A-4A3F-84B0-53EC3E980DC7}.Release|x64.Deploy.0 = Release|x64
		{D53BE20A-465A-4A3F-84B0-53EC3E980DC7}.Release|x86.ActiveCfg = Release|x86
		{D53BE20A-465A-4A3F-84B0-53EC3E980DC7}.Release|x86.Build.0 = Release|x86
		{D53BE20A-465A-4A3F-84B0-53EC3E980DC7}.Release|x86.Deploy.0 = Release|x86
		{A75172BF-D897-45F7-BC40-48625F23EDE8}.Debug|Any CPU.ActiveCfg = Debug|Any CPU
		{A75172BF-D897-45F7-BC40-48625F23EDE8}.Debug|Any CPU.Build.0 = Debug|Any CPU
		{A75172BF-D897-45F7-BC40-48625F23EDE8}.Debug|Any CPU.Deploy.0 = Debug|Any CPU
		{A75172BF-D897-45F7-BC40-48625F23EDE8}.Debug|ARM.ActiveCfg = Debug|ARM
		{A75172BF-D897-45F7-BC40-48625F23EDE8}.Debug|ARM.Build.0 = Debug|ARM
		{A75172BF-D897-45F7-BC40-48625F23EDE8}.Debug|ARM.Deploy.0 = Debug|ARM
		{A75172BF-D897-45F7-BC40-48625F23EDE8}.Debug|x64.ActiveCfg = Debug|x64
		{A75172BF-D897-45F7-BC40-48625F23EDE8}.Debug|x64.Build.0 = Debug|x64
		{A75172BF-D897-45F7-BC40-48625F23EDE8}.Debug|x64.Deploy.0 = Debug|x64
		{A75172BF-D897-45F7-BC40-48625F23EDE8}.Debug|x86.ActiveCfg = Debug|x86
		{A75172BF-D897-45F7-BC40-48625F23EDE8}.Debug|x86.Build.0 = Debug|x86
		{A75172BF-D897-45F7-BC40-48625F23EDE8}.Debug|x86.Deploy.0 = Debug|x86
		{A75172BF-D897-45F7-BC40-48625F23EDE8}.Release|Any CPU.ActiveCfg = Release|Any CPU
		{A75172BF-D897-45F7-BC40-48625F23EDE8}.Release|Any CPU.Build.0 = Release|Any CPU
		{A75172BF-D897-45F7-BC40-48625F23EDE8}.Release|Any CPU.Deploy.0 = Release|Any CPU
		{A75172BF-D897-45F7-BC40-48625F23EDE8}.Release|ARM.ActiveCfg = Release|ARM
		{A75172BF-D897-45F7-BC40-48625F23EDE8}.Release|ARM.Build.0 = Release|ARM
		{A75172BF-D897-45F7-BC40-48625F23EDE8}.Release|ARM.Deploy.0 = Release|ARM
		{A75172BF-D897-45F7-BC40-48625F23EDE8}.Release|x64.ActiveCfg = Release|x64
		{A75172BF-D897-45F7-BC40-48625F23EDE8}.Release|x64.Build.0 = Release|x64
		{A75172BF-D897-45F7-BC40-48625F23EDE8}.Release|x64.Deploy.0 = Release|x64
		{A75172BF-D897-45F7-BC40-48625F23EDE8}.Release|x86.ActiveCfg = Release|x86
		{A75172BF-D897-45F7-BC40-48625F23EDE8}.Release|x86.Build.0 = Release|x86
		{A75172BF-D897-45F7-BC40-48625F23EDE8}.Release|x86.Deploy.0 = Release|x86
		{D974644A-8A40-4748-94EE-A8C82B1DB052}.Debug|Any CPU.ActiveCfg = Debug|Any CPU
		{D974644A-8A40-4748-94EE-A8C82B1DB052}.Debug|Any CPU.Build.0 = Debug|Any CPU
		{D974644A-8A40-4748-94EE-A8C82B1DB052}.Debug|Any CPU.Deploy.0 = Debug|Any CPU
		{D974644A-8A40-4748-94EE-A8C82B1DB052}.Debug|ARM.ActiveCfg = Debug|ARM
		{D974644A-8A40-4748-94EE-A8C82B1DB052}.Debug|ARM.Build.0 = Debug|ARM
		{D974644A-8A40-4748-94EE-A8C82B1DB052}.Debug|ARM.Deploy.0 = Debug|ARM
		{D974644A-8A40-4748-94EE-A8C82B1DB052}.Debug|x64.ActiveCfg = Debug|x64
		{D974644A-8A40-4748-94EE-A8C82B1DB052}.Debug|x64.Build.0 = Debug|x64
		{D974644A-8A40-4748-94EE-A8C82B1DB052}.Debug|x64.Deploy.0 = Debug|x64
		{D974644A-8A40-4748-94EE-A8C82B1DB052}.Debug|x86.ActiveCfg = Debug|x86
		{D974644A-8A40-4748-94EE-A8C82B1DB052}.Debug|x86.Build.0 = Debug|x86
		{D974644A-8A40-4748-94EE-A8C82B1DB052}.Debug|x86.Deploy.0 = Debug|x86
		{D974644A-8A40-4748-94EE-A8C82B1DB052}.Release|Any CPU.ActiveCfg = Release|Any CPU
		{D974644A-8A40-4748-94EE-A8C82B1DB052}.Release|Any CPU.Build.0 = Release|Any CPU
		{D974644A-8A40-4748-94EE-A8C82B1DB052}.Release|Any CPU.Deploy.0 = Release|Any CPU
		{D974644A-8A40-4748-94EE-A8C82B1DB052}.Release|ARM.ActiveCfg = Release|ARM
		{D974644A-8A40-4748-94EE-A8C82B1DB052}.Release|ARM.Build.0 = Release|ARM
		{D974644A-8A40-4748-94EE-A8C82B1DB052}.Release|ARM.Deploy.0 = Release|ARM
		{D974644A-8A40-4748-94EE-A8C82B1DB052}.Release|x64.ActiveCfg = Release|x64
		{D974644A-8A40-4748-94EE-A8C82B1DB052}.Release|x64.Build.0 = Release|x64
		{D974644A-8A40-4748-94EE-A8C82B1DB052}.Release|x64.Deploy.0 = Release|x64
		{D974644A-8A40-4748-94EE-A8C82B1DB052}.Release|x86.ActiveCfg = Release|x86
		{D974644A-8A40-4748-94EE-A8C82B1DB052}.Release|x86.Build.0 = Release|x86
		{D974644A-8A40-4748-94EE-A8C82B1DB052}.Release|x86.Deploy.0 = Release|x86
		{0C7697FA-0108-486E-B574-29B8B66E7C22}.Debug|Any CPU.ActiveCfg = Debug|Any CPU
		{0C7697FA-0108-486E-B574-29B8B66E7C22}.Debug|Any CPU.Build.0 = Debug|Any CPU
		{0C7697FA-0108-486E-B574-29B8B66E7C22}.Debug|Any CPU.Deploy.0 = Debug|Any CPU
		{0C7697FA-0108-486E-B574-29B8B66E7C22}.Debug|ARM.ActiveCfg = Debug|ARM
		{0C7697FA-0108-486E-B574-29B8B66E7C22}.Debug|ARM.Build.0 = Debug|ARM
		{0C7697FA-0108-486E-B574-29B8B66E7C22}.Debug|ARM.Deploy.0 = Debug|ARM
		{0C7697FA-0108-486E-B574-29B8B66E7C22}.Debug|x64.ActiveCfg = Debug|x64
		{0C7697FA-0108-486E-B574-29B8B66E7C22}.Debug|x64.Build.0 = Debug|x64
		{0C7697FA-0108-486E-B574-29B8B66E7C22}.Debug|x64.Deploy.0 = Debug|x64
		{0C7697FA-0108-486E-B574-29B8B66E7C22}.Debug|x86.ActiveCfg = Debug|x86
		{0C7697FA-0108-486E-B574-29B8B66E7C22}.Debug|x86.Build.0 = Debug|x86
		{0C7697FA-0108-486E-B574-29B8B66E7C22}.Debug|x86.Deploy.0 = Debug|x86
		{0C7697FA-0108-486E-B574-29B8B66E7C22}.Release|Any CPU.ActiveCfg = Release|Any CPU
		{0C7697FA-0108-486E-B574-29B8B66E7C22}.Release|Any CPU.Build.0 = Release|Any CPU
		{0C7697FA-0108-486E-B574-29B8B66E7C22}.Release|Any CPU.Deploy.0 = Release|Any CPU
		{0C7697FA-0108-486E-B574-29B8B66E7C22}.Release|ARM.ActiveCfg = Release|ARM
		{0C7697FA-0108-486E-B574-29B8B66E7C22}.Release|ARM.Build.0 = Release|ARM
		{0C7697FA-0108-486E-B574-29B8B66E7C22}.Release|ARM.Deploy.0 = Release|ARM
		{0C7697FA-0108-486E-B574-29B8B66E7C22}.Release|x64.ActiveCfg = Release|x64
		{0C7697FA-0108-486E-B574-29B8B66E7C22}.Release|x64.Build.0 = Release|x64
		{0C7697FA-0108-486E-B574-29B8B66E7C22}.Release|x64.Deploy.0 = Release|x64
		{0C7697FA-0108-486E-B574-29B8B66E7C22}.Release|x86.ActiveCfg = Release|x86
		{0C7697FA-0108-486E-B574-29B8B66E7C22}.Release|x86.Build.0 = Release|x86
		{0C7697FA-0108-486E-B574-29B8B66E7C22}.Release|x86.Deploy.0 = Release|x86
	EndGlobalSection
	GlobalSection(SolutionProperties) = preSolution
		HideSolutionNode = FALSE
	EndGlobalSection
EndGlobal
